<?xml version="1.0" encoding="utf-8"?>
<Project ToolsVersion="4.0" xmlns="http://schemas.microsoft.com/developer/msbuild/2003">
  <ItemGroup>
    <Filter Include="Source Files">
      <UniqueIdentifier>{4FC737F1-C7A5-4376-A066-2A32D752A2FF}</UniqueIdentifier>
      <Extensions>cpp;c;cc;cxx;c++;cppm;ixx;def;odl;idl;hpj;bat;asm;asmx</Extensions>
    </Filter>
    <Filter Include="Header Files">
      <UniqueIdentifier>{93995380-89BD-4b04-88EB-625FBE52EBFB}</UniqueIdentifier>
      <Extensions>h;hh;hpp;hxx;h++;hm;inl;inc;ipp;xsd</Extensions>
    </Filter>
    <Filter Include="Resource Files">
      <UniqueIdentifier>{67DA6AB6-F800-4c08-8B7A-83BB121AAD01}</UniqueIdentifier>
      <Extensions>rc;ico;cur;bmp;dlg;rc2;rct;bin;rgs;gif;jpg;jpeg;jpe;resx;tiff;tif;png;wav;mfcribbon-ms</Extensions>
    </Filter>
  </ItemGroup>
  <ItemGroup>
    <ClCompile Include="BigIntegerTest.cpp">
      <Filter>Source Files</Filter>
    </ClCompile>
    <ClCompile Include="CArithmeticCorrectnessTester.cpp">
      <Filter>Source Files</Filter>
    </ClCompile>
    <ClCompile Include="CArithmeticPerformanceTester.cpp">
      <Filter>Source Files</Filter>
    </ClCompile>
    <ClCompile Include="CArithmeticTuner.cpp">
      <Filter>Source Files</Filter>
    </ClCompile>
    <ClCompile Include="TestBasicMultiply1.cpp">
      <Filter>Source Files</Filter>
    </ClCompile>
    <ClCompile Include="TestBasicMultiply2.cpp">
      <Filter>Source Files</Filter>
    </ClCompile>
    <ClCompile Include="TestBasicMultiply3.cpp">
      <Filter>Source Files</Filter>
    </ClCompile>
    <ClCompile Include="TestBasicMultiply4.cpp">
      <Filter>Source Files</Filter>
    </ClCompile>
    <ClCompile Include="TestBasicMultiply5.cpp">
      <Filter>Source Files</Filter>
    </ClCompile>
    <ClCompile Include="TestBasicMultiply6.cpp">
      <Filter>Source Files</Filter>
    </ClCompile>
    <ClCompile Include="CArithmeticTestHelper.cpp">
      <Filter>Source Files</Filter>
    </ClCompile>
    <ClCompile Include="BaseUnsignedHelperWrapper.cpp">
      <Filter>Source Files</Filter>
    </ClCompile>
    <ClCompile Include="BigIntegers.cpp">
      <Filter>Source Files</Filter>
    </ClCompile>
    <ClCompile Include="ArithmeticBox.cpp">
      <Filter>Source Files</Filter>
    </ClCompile>
    <ClCompile Include="BasicMultiply.cpp">
      <Filter>Source Files</Filter>
    </ClCompile>
    <ClCompile Include="CBigIntegerMatrix.cpp">
      <Filter>Source Files</Filter>
    </ClCompile>
    <ClCompile Include="CBigIntegerVectors.cpp">
      <Filter>Source Files</Filter>
    </ClCompile>
    <ClCompile Include="CRandomGenerator.cpp">
      <Filter>Source Files</Filter>
    </ClCompile>
    <ClCompile Include="CWorkspace.cpp">
      <Filter>Source Files</Filter>
    </ClCompile>
    <ClCompile Include="SSystemData.cpp">
      <Filter>Source Files</Filter>
    </ClCompile>
    <ClCompile Include="Timer.cpp">
      <Filter>Source Files</Filter>
    </ClCompile>
    <ClCompile Include="CModularArithmeticBox.cpp">
      <Filter>Source Files</Filter>
    </ClCompile>
    <ClCompile Include="..\RSA\CRSADecrypt.cpp">
      <Filter>Source Files</Filter>
    </ClCompile>
    <ClCompile Include="..\RSA\CRSAEncrypt.cpp">
      <Filter>Source Files</Filter>
    </ClCompile>
    <ClCompile Include="CRSATest.cpp">
      <Filter>Source Files</Filter>
    </ClCompile>
    <ClCompile Include="CModularBoxTest.cpp">
      <Filter>Source Files</Filter>
    </ClCompile>
    <ClCompile Include="..\BigIntegersBase\CFixedPowerModularArithmeticBox.cpp">
      <Filter>Source Files</Filter>
    </ClCompile>
    <ClCompile Include="..\BigIntegersBase\CBigIntegerHelper.cpp">
      <Filter>Source Files</Filter>
    </ClCompile>
  </ItemGroup>
  <ItemGroup>
    <ClInclude Include="CArithmeticTestHelper.h">
      <Filter>Header Files</Filter>
    </ClInclude>
    <ClInclude Include="CBigIntegerForTest.h">
      <Filter>Header Files</Filter>
    </ClInclude>
    <ClInclude Include="TestConstants.h">
      <Filter>Header Files</Filter>
    </ClInclude>
    <ClInclude Include="CRSATest.h">
      <Filter>Header Files</Filter>
    </ClInclude>
    <ClInclude Include="CModularBoxTest.h">
      <Filter>Header Files</Filter>
    </ClInclude>
  </ItemGroup>
</Project>